// !$*UTF8*$!
{
	archiveVersion = 1;
	classes = {
	};
	objectVersion = 46;
	objects = {

/* Begin PBXBuildFile section */
		638386461C3AC277006C697E /* AppDelegate.swift in Sources */ = {isa = PBXBuildFile; fileRef = 638386451C3AC277006C697E /* AppDelegate.swift */; };
		638386481C3AC277006C697E /* ViewController.swift in Sources */ = {isa = PBXBuildFile; fileRef = 638386471C3AC277006C697E /* ViewController.swift */; };
		6383864B1C3AC277006C697E /* Main.storyboard in Resources */ = {isa = PBXBuildFile; fileRef = 638386491C3AC277006C697E /* Main.storyboard */; };
		6383864D1C3AC277006C697E /* Assets.xcassets in Resources */ = {isa = PBXBuildFile; fileRef = 6383864C1C3AC277006C697E /* Assets.xcassets */; };
		638386501C3AC277006C697E /* LaunchScreen.storyboard in Resources */ = {isa = PBXBuildFile; fileRef = 6383864E1C3AC277006C697E /* LaunchScreen.storyboard */; };
/* End PBXBuildFile section */

/* Begin PBXFileReference section */
		638386421C3AC277006C697E /* Section-02-Exercise-01.app */ = {isa = PBXFileReference; explicitFileType = wrapper.application; includeInIndex = 0; path = "Section-02-Exercise-01.app"; sourceTree = BUILT_PRODUCTS_DIR; };
		638386451C3AC277006C697E /* AppDelegate.swift */ = {isa = PBXFileReference; lastKnownFileType = sourcecode.swift; path = AppDelegate.swift; sourceTree = "<group>"; };
		638386471C3AC277006C697E /* ViewController.swift */ = {isa = PBXFileReference; lastKnownFileType = sourcecode.swift; path = ViewController.swift; sourceTree = "<group>"; };
		6383864A1C3AC277006C697E /* Base */ = {isa = PBXFileReference; lastKnownFileType = file.storyboard; name = Base; path = Base.lproj/Main.storyboard; sourceTree = "<group>"; };
		6383864C1C3AC277006C697E /* Assets.xcassets */ = {isa = PBXFileReference; lastKnownFileType = folder.assetcatalog; path = Assets.xcassets; sourceTree = "<group>"; };
		6383864F1C3AC277006C697E /* Base */ = {isa = PBXFileReference; lastKnownFileType = file.storyboard; name = Base; path = Base.lproj/LaunchScreen.storyboard; sourceTree = "<group>"; };
		638386511C3AC277006C697E /* Info.plist */ = {isa = PBXFileReference; lastKnownFileType = text.plist.xml; path = Info.plist; sourceTree = "<group>"; };
/* End PBXFileReference section */

/* Begin PBXFrameworksBuildPhase section */
		6383863F1C3AC277006C697E /* Frameworks */ = {
			isa = PBXFrameworksBuildPhase;
			buildActionMask = 2147483647;
			files = (
			);
			runOnlyForDeploymentPostprocessing = 0;
		};
/* End PBXFrameworksBuildPhase section */

/* Begin PBXGroup section */
		638386391C3AC277006C697E = {
			isa = PBXGroup;
			children = (
				638386441C3AC277006C697E /* Section-02-Exercise-01 */,
				638386431C3AC277006C697E /* Products */,
			);
			sourceTree = "<group>";
		};
		638386431C3AC277006C697E /* Products */ = {
			isa = PBXGroup;
			children = (
				638386421C3AC277006C697E /* Section-02-Exercise-01.app */,
			);
			name = Products;
			sourceTree = "<group>";
		};
		638386441C3AC277006C697E /* Section-02-Exercise-01 */ = {
			isa = PBXGroup;
			children = (
				638386451C3AC277006C697E /* AppDelegate.swift */,
				638386471C3AC277006C697E /* ViewController.swift */,
				638386491C3AC277006C697E /* Main.storyboard */,
				6383864C1C3AC277006C697E /* Assets.xcassets */,
				6383864E1C3AC277006C697E /* LaunchScreen.storyboard */,
				638386511C3AC277006C697E /* Info.plist */,
			);
			path = "Section-02-Exercise-01";
			sourceTree = "<group>";
		};
/* End PBXGroup section */

/* Begin PBXNativeTarget section */
		638386411C3AC277006C697E /* Section-02-Exercise-01 */ = {
			isa = PBXNativeTarget;
			buildConfigurationList = 638386541C3AC277006C697E /* Build configuration list for PBXNativeTarget "Section-02-Exercise-01" */;
			buildPhases = (
				6383863E1C3AC277006C697E /* Sources */,
				6383863F1C3AC277006C697E /* Frameworks */,
				638386401C3AC277006C697E /* Resources */,
			);
			buildRules = (
			);
			dependencies = (
			);
			name = "Section-02-Exercise-01";
			productName = "Section-02-Exercise-01";
			productReference = 638386421C3AC277006C697E /* Section-02-Exercise-01.app */;
			productType = "com.apple.product-type.application";
		};
/* End PBXNativeTarget section */

/* Begin PBXProject section */
		6383863A1C3AC277006C697E /* Project object */ = {
			isa = PBXProject;
			attributes = {
				LastSwiftUpdateCheck = 0720;
				LastUpgradeCheck = 0720;
				ORGANIZATIONNAME = "Stefan Jansen";
				TargetAttributes = {
					638386411C3AC277006C697E = {
						CreatedOnToolsVersion = 7.2;
					};
				};
			};
			buildConfigurationList = 6383863D1C3AC277006C697E /* Build configuration list for PBXProject "Section-02-Exercise-01" */;
			compatibilityVersion = "Xcode 3.2";
			developmentRegion = English;
			hasScannedForEncodings = 0;
			knownRegions = (
				en,
				Base,
			);
			mainGroup = 638386391C3AC277006C697E;
			productRefGroup = 638386431C3AC277006C697E /* Products */;
			projectDirPath = "";
			projectRoot = "";
			targets = (
				638386411C3AC277006C697E /* Section-02-Exercise-01 */,
			);
		};
/* End PBXProject section */

/* Begin PBXResourcesBuildPhase section */
		638386401C3AC277006C697E /* Resources */ = {
			isa = PBXResourcesBuildPhase;
			buildActionMask = 2147483647;
			files = (
				638386501C3AC277006C697E /* LaunchScreen.storyboard in Resources */,
				6383864D1C3AC277006C697E /* Assets.xcassets in Resources */,
				6383864B1C3AC277006C697E /* Main.storyboard in Resources */,
			);
			runOnlyForDeploymentPostprocessing = 0;
		};
/* End PBXResourcesBuildPhase section */

/* Begin PBXSourcesBuildPhase section */
		6383863E1C3AC277006C697E /* Sources */ = {
			isa = PBXSourcesBuildPhase;
			buildActionMask = 2147483647;
			files = (
				638386481C3AC277006C697E /* ViewController.swift in Sources */,
				638386461C3AC277006C697E /* AppDelegate.swift in Sources */,
			);
			runOnlyForDeploymentPostprocessing = 0;
		};
/* End PBXSourcesBuildPhase section */

/* Begin PBXVariantGroup section */
		638386491C3AC277006C697E /* Main.storyboard */ = {
			isa = PBXVariantGroup;
			children = (
				6383864A1C3AC277006C697E /* Base */,
			);
			name = Main.storyboard;
			sourceTree = "<group>";
		};
		6383864E1C3AC277006C697E /* LaunchScreen.storyboard */ = {
			isa = PBXVariantGroup;
			children = (
				6383864F1C3AC277006C697E /* Base */,
			);
			name = LaunchScreen.storyboard;
			sourceTree = "<group>";
		};
/* End PBXVariantGroup section */

/* Begin XCBuildConfiguration section */
		638386521C3AC277006C697E /* Debug */ = {
			isa = XCBuildConfiguration;
			buildSettings = {
				ALWAYS_SEARCH_USER_PATHS = NO;
				CLANG_CXX_LANGUAGE_STANDARD = "gnu++0x";
				CLANG_CXX_LIBRARY = "libc++";
				CLANG_ENABLE_MODULES = YES;
				CLANG_ENABLE_OBJC_ARC = YES;
				CLANG_WARN_BOOL_CONVERSION = YES;
				CLANG_WARN_CONSTANT_CONVERSION = YES;
				CLANG_WARN_DIRECT_OBJC_ISA_USAGE = YES_ERROR;
				CLANG_WARN_EMPTY_BODY = YES;
				CLANG_WARN_ENUM_CONVERSION = YES;
				CLANG_WARN_INT_CONVERSION = YES;
				CLANG_WARN_OBJC_ROOT_CLASS = YES_ERROR;
				CLANG_WARN_UNREACHABLE_CODE = YES;
				CLANG_WARN__DUPLICATE_METHOD_MATCH = YES;
				"CODE_SIGN_IDENTITY[sdk=iphoneos*]" = "iPhone Developer";
				COPY_PHASE_STRIP = NO;
				DEBUG_INFORMATION_FORMAT = dwarf;
				ENABLE_STRICT_OBJC_MSGSEND = YES;
				ENABLE_TESTABILITY = YES;
				GCC_C_LANGUAGE_STANDARD = gnu99;
				GCC_DYNAMIC_NO_PIC = NO;
				GCC_NO_COMMON_BLOCKS = YES;
				GCC_OPTIMIZATION_LEVEL = 0;
				GCC_PREPROCESSOR_DEFINITIONS = (
					"DEBUG=1",
					"$(inherited)",
				);
				GCC_WARN_64_TO_32_BIT_CONVERSION = YES;
				GCC_WARN_ABOUT_RETURN_TYPE = YES_ERROR;
				GCC_WARN_UNDECLARED_SELECTOR = YES;
				GCC_WARN_UNINITIALIZED_AUTOS = YES_AGGRESSIVE;
				GCC_WARN_UNUSED_FUNCTION = YES;
				GCC_WARN_UNUSED_VARIABLE = YES;
				IPHONEOS_DEPLOYMENT_TARGET = 9.2;
				MTL_ENABLE_DEBUG_INFO = YES;
				ONLY_ACTIVE_ARCH = YES;
				SDKROOT = iphoneos;
				SWIFT_OPTIMIZATION_LEVEL = "-Onone";
			};
			name = Debug;
		};
		638386531C3AC277006C697E /* Release */ = {
			isa = XCBuildConfiguration;
			buildSettings = {
				ALWAYS_SEARCH_USER_PATHS = NO;
				CLANG_CXX_LANGUAGE_STANDARD = "gnu++0x";
				CLANG_CXX_LIBRARY = "libc++";
				CLANG_ENABLE_MODULES = YES;
				CLANG_ENABLE_OBJC_ARC = YES;
				CLANG_WARN_BOOL_CONVERSION = YES;
				CLANG_WARN_CONSTANT_CONVERSION = YES;
				CLANG_WARN_DIRECT_OBJC_ISA_USAGE = YES_ERROR;
				CLANG_WARN_EMPTY_BODY = YES;
				CLANG_WARN_ENUM_CONVERSION = YES;
				CLANG_WARN_INT_CONVERSION = YES;
				CLANG_WARN_OBJC_ROOT_CLASS = YES_ERROR;
				CLANG_WARN_UNREACHABLE_CODE = YES;
				CLANG_WARN__DUPLICATE_METHOD_MATCH = YES;
				"CODE_SIGN_IDENTITY[sdk=iphoneos*]" = "iPhone Developer";
				COPY_PHASE_STRIP = NO;
				DEBUG_INFORMATION_FORMAT = "dwarf-with-dsym";
				ENABLE_NS_ASSERTIONS = NO;
				ENABLE_STRICT_OBJC_MSGSEND = YES;
				GCC_C_LANGUAGE_STANDARD = gnu99;
				GCC_NO_COMMON_BLOCKS = YES;
				GCC_WARN_64_TO_32_BIT_CONVERSION = YES;
				GCC_WARN_ABOUT_RETURN_TYPE = YES_ERROR;
				GCC_WARN_UNDECLARED_SELECTOR = YES;
				GCC_WARN_UNINITIALIZED_AUTOS = YES_AGGRESSIVE;
				GCC_WARN_UNUSED_FUNCTION = YES;
				GCC_WARN_UNUSED_VARIABLE = YES;
				IPHONEOS_DEPLOYMENT_TARGET = 9.2;
				MTL_ENABLE_DEBUG_INFO = NO;
				SDKROOT = iphoneos;
				VALIDATE_PRODUCT = YES;
			};
			name = Release;
		};
		638386551C3AC277006C697E /* Debug */ = {
			isa = XCBuildConfiguration;
			buildSettings = {
				ASSETCATALOG_COMPILER_APPICON_NAME = AppIcon;
				INFOPLIST_FILE = "Section-02-Exercise-01/Info.plist";
				LD_RUNPATH_SEARCH_PATHS = "$(inherited) @executable_path/Frameworks";
				PRODUCT_BUNDLE_IDENTIFIER = "Stefan.Section-02-Exercise-01";
				PRODUCT_NAME = "$(TARGET_NAME)";
			};
			name = Debug;
		};
		638386561C3AC277006C697E /* Release */ = {
			isa = XCBuildConfiguration;
			buildSettings = {
				ASSETCATALOG_COMPILER_APPICON_NAME = AppIcon;
				INFOPLIST_FILE = "Section-02-Exercise-01/Info.plist";
				LD_RUNPATH_SEARCH_PATHS = "$(inherited) @executable_path/Frameworks";
				PRODUCT_BUNDLE_IDENTIFIER = "Stefan.Section-02-Exercise-01";
				PRODUCT_NAME = "$(TARGET_NAME)";
			};
			name = Release;
		};
/* End XCBuildConfiguration section */

/* Begin XCConfigurationList section */
		6383863D1C3AC277006C697E /* Build configuration list for PBXProject "Section-02-Exercise-01" */ = {
			isa = XCConfigurationList;
			buildConfigurations = (
				638386521C3AC277006C697E /* Debug */,
				638386531C3AC277006C697E /* Release */,
			);
			defaultConfigurationIsVisible = 0;
			defaultConfigurationName = Release;
		};
		638386541C3AC277006C697E /* Build configuration list for PBXNativeTarget "Section-02-Exercise-01" */ = {
			isa = XCConfigurationList;
			buildConfigurations = (
				638386551C3AC277006C697E /* Debug */,
				638386561C3AC277006C697E /* Release */,
			);
			defaultConfigurationIsVisible = 0;
		};
/* End XCConfigurationList section */
	};
	rootObject = 6383863A1C3AC277006C697E /* Project object */;
}
